{
  "name": "anm",
  "lockfileVersion": 2,
  "requires": true,
  "packages": {
    "": {
      "dependencies": {
        "animejs": "^3.2.1"
      },
      "devDependencies": {
        "@types/animejs": "^3.1.5"
      }
    },
    "node_modules/@types/animejs": {
      "version": "3.1.5",
      "resolved": "https://registry.npmjs.org/@types/animejs/-/animejs-3.1.5.tgz",
      "integrity": "sha512-4i3i1YuNaNEPoHBJY78uzYu8qKIwyx96G04tnVtNhRMQC9I1Xhg6fY9GeWmZAzudaesKKrPkQgTCthT1zSGYyg==",
      "dev": true
    },
    "node_modules/animejs": {
      "version": "3.2.1",
      "resolved": "https://registry.npmjs.org/animejs/-/animejs-3.2.1.tgz",
      "integrity": "sha512-sWno3ugFryK5nhiDm/2BKeFCpZv7vzerWUcUPyAZLDhMek3+S/p418ldZJbJXo5ZUOpfm2kP2XRO4NJcULMy9A=="
    }
  },
  "dependencies": {
    "@types/animejs": {
      "version": "3.1.5",
      "resolved": "https://registry.npmjs.org/@types/animejs/-/animejs-3.1.5.tgz",
      "integrity": "sha512-4i3i1YuNaNEPoHBJY78uzYu8qKIwyx96G04tnVtNhRMQC9I1Xhg6fY9GeWmZAzudaesKKrPkQgTCthT1zSGYyg==",
      "dev": true
    },
    "animejs": {
      "version": "3.2.1",
      "resolved": "https://registry.npmjs.org/animejs/-/animejs-3.2.1.tgz",
      "integrity": "sha512-sWno3ugFryK5nhiDm/2BKeFCpZv7vzerWUcUPyAZLDhMek3+S/p418ldZJbJXo5ZUOpfm2kP2XRO4NJcULMy9A=="
    }
  }
}
